Microsoft Visual Studio Solution File, Format Version 12.00
# Visual Studio 15
VisualStudioVersion = 15.0.27130.2024
MinimumVisualStudioVersion = 10.0.40219.1
Project("{FAE04EC0-301F-11D3-BF4B-00C04F79EFBC}") = "MaskedTextEditor", "MaskedTextEditor\MaskedTextEditor.csproj", "{0ED15A1B-367A-4503-B352-F56D985672B5}"
EndProject
Global
	GlobalSection(SolutionConfigurationPlatforms) = preSolution
		Debug|iPhone = Debug|iPhone
		Debug|iPhoneSimulator = Debug|iPhoneSimulator
		Release|iPhone = Release|iPhone
		Release|iPhoneSimulator = Release|iPhoneSimulator
	EndGlobalSection
	GlobalSection(ProjectConfigurationPlatforms) = postSolution
		{0ED15A1B-367A-4503-B352-F56D985672B5}.Debug|iPhone.ActiveCfg = Debug|iPhone
		{0ED15A1B-367A-4503-B352-F56D985672B5}.Debug|iPhone.Build.0 = Debug|iPhone
		{0ED15A1B-367A-4503-B352-F56D985672B5}.Debug|iPhoneSimulator.ActiveCfg = Debug|iPhoneSimulator
		{0ED15A1B-367A-4503-B352-F56D985672B5}.Debug|iPhoneSimulator.Build.0 = Debug|iPhoneSimulator
		{0ED15A1B-367A-4503-B352-F56D985672B5}.Release|iPhone.ActiveCfg = Release|iPhone
		{0ED15A1B-367A-4503-B352-F56D985672B5}.Release|iPhone.Build.0 = Release|iPhone
		{0ED15A1B-367A-4503-B352-F56D985672B5}.Release|iPhoneSimulator.ActiveCfg = Release|iPhoneSimulator
		{0ED15A1B-367A-4503-B352-F56D985672B5}.Release|iPhoneSimulator.Build.0 = Release|iPhoneSimulator
	EndGlobalSection
	GlobalSection(SolutionProperties) = preSolution
		HideSolutionNode = FALSE
	EndGlobalSection
	GlobalSection(ExtensibilityGlobals) = postSolution
		SolutionGuid = {85112D00-DB1D-443C-BEFF-BCB21927A753}
	EndGlobalSection
EndGlobal
